
Microsoft Visual Studio Solution File, Format Version 12.00
# Visual Studio Version 17
VisualStudioVersion = 17.8.34322.80
MinimumVisualStudioVersion = 10.0.40219.1
Project("{9A19103F-16F7-4668-BE54-9A1E7A4F7556}") = "test", "test.csproj", "{D1D3E774-9F96-4FAB-A471-8B3AAC5C32D2}"
EndProject
Global
	GlobalSection(SolutionConfigurationPlatforms) = preSolution
		Debug|Any CPU = Debug|Any CPU
	EndGlobalSection
	GlobalSection(ProjectConfigurationPlatforms) = postSolution
		{D1D3E774-9F96-4FAB-A471-8B3AAC5C32D2}.Debug|Any CPU.ActiveCfg = Debug|Any CPU
		{D1D3E774-9F96-4FAB-A471-8B3AAC5C32D2}.Debug|Any CPU.Build.0 = Debug|Any CPU
	EndGlobalSection
	GlobalSection(SolutionProperties) = preSolution
		HideSolutionNode = FALSE
	EndGlobalSection
	GlobalSection(ExtensibilityGlobals) = postSolution
		SolutionGuid = {ABC4ED18-BA53-4A3F-A0D8-F60AB27A1840}
	EndGlobalSection
EndGlobal
